// !$*UTF8*$!
{
	archiveVersion = 1;
	classes = {
	};
	objectVersion = 48;
	objects = {

/* Begin PBXBuildFile section */
		FF078AFB21C356B4002649FB /* AppDelegate.m in Sources */ = {isa = PBXBuildFile; fileRef = FF078AFA21C356B4002649FB /* AppDelegate.m */; };
		FF078AFE21C356B4002649FB /* ViewController.m in Sources */ = {isa = PBXBuildFile; fileRef = FF078AFD21C356B4002649FB /* ViewController.m */; };
		FF078B0121C356B4002649FB /* Main.storyboard in Resources */ = {isa = PBXBuildFile; fileRef = FF078AFF21C356B4002649FB /* Main.storyboard */; };
		FF078B0321C356B4002649FB /* Assets.xcassets in Resources */ = {isa = PBXBuildFile; fileRef = FF078B0221C356B4002649FB /* Assets.xcassets */; };
		FF078B0621C356B4002649FB /* LaunchScreen.storyboard in Resources */ = {isa = PBXBuildFile; fileRef = FF078B0421C356B4002649FB /* LaunchScreen.storyboard */; };
		FF078B0921C356B4002649FB /* main.m in Sources */ = {isa = PBXBuildFile; fileRef = FF078B0821C356B4002649FB /* main.m */; };
		FF078B1321C356B4002649FB /* _6___Tests.m in Sources */ = {isa = PBXBuildFile; fileRef = FF078B1221C356B4002649FB /* _6___Tests.m */; };
		FF078B1E21C356B4002649FB /* _6___UITests.m in Sources */ = {isa = PBXBuildFile; fileRef = FF078B1D21C356B4002649FB /* _6___UITests.m */; };
		FF078B2D21C39040002649FB /* UserCenter.m in Sources */ = {isa = PBXBuildFile; fileRef = FF078B2C21C39040002649FB /* UserCenter.m */; };
		FF078B3021C39216002649FB /* GroupObject.m in Sources */ = {isa = PBXBuildFile; fileRef = FF078B2F21C39216002649FB /* GroupObject.m */; };
/* End PBXBuildFile section */

/* Begin PBXContainerItemProxy section */
		FF078B0F21C356B4002649FB /* PBXContainerItemProxy */ = {
			isa = PBXContainerItemProxy;
			containerPortal = FF078AEE21C356B4002649FB /* Project object */;
			proxyType = 1;
			remoteGlobalIDString = FF078AF521C356B4002649FB;
			remoteInfo = "06多线程";
		};
		FF078B1A21C356B4002649FB /* PBXContainerItemProxy */ = {
			isa = PBXContainerItemProxy;
			containerPortal = FF078AEE21C356B4002649FB /* Project object */;
			proxyType = 1;
			remoteGlobalIDString = FF078AF521C356B4002649FB;
			remoteInfo = "06多线程";
		};
/* End PBXContainerItemProxy section */

/* Begin PBXFileReference section */
		FF078AF621C356B4002649FB /* 06多线程.app */ = {isa = PBXFileReference; explicitFileType = wrapper.application; includeInIndex = 0; path = "06多线程.app"; sourceTree = BUILT_PRODUCTS_DIR; };
		FF078AF921C356B4002649FB /* AppDelegate.h */ = {isa = PBXFileReference; lastKnownFileType = sourcecode.c.h; path = AppDelegate.h; sourceTree = "<group>"; };
		FF078AFA21C356B4002649FB /* AppDelegate.m */ = {isa = PBXFileReference; lastKnownFileType = sourcecode.c.objc; path = AppDelegate.m; sourceTree = "<group>"; };
		FF078AFC21C356B4002649FB /* ViewController.h */ = {isa = PBXFileReference; lastKnownFileType = sourcecode.c.h; path = ViewController.h; sourceTree = "<group>"; };
		FF078AFD21C356B4002649FB /* ViewController.m */ = {isa = PBXFileReference; lastKnownFileType = sourcecode.c.objc; path = ViewController.m; sourceTree = "<group>"; };
		FF078B0021C356B4002649FB /* Base */ = {isa = PBXFileReference; lastKnownFileType = file.storyboard; name = Base; path = Base.lproj/Main.storyboard; sourceTree = "<group>"; };
		FF078B0221C356B4002649FB /* Assets.xcassets */ = {isa = PBXFileReference; lastKnownFileType = folder.assetcatalog; path = Assets.xcassets; sourceTree = "<group>"; };
		FF078B0521C356B4002649FB /* Base */ = {isa = PBXFileReference; lastKnownFileType = file.storyboard; name = Base; path = Base.lproj/LaunchScreen.storyboard; sourceTree = "<group>"; };
		FF078B0721C356B4002649FB /* Info.plist */ = {isa = PBXFileReference; lastKnownFileType = text.plist.xml; path = Info.plist; sourceTree = "<group>"; };
		FF078B0821C356B4002649FB /* main.m */ = {isa = PBXFileReference; lastKnownFileType = sourcecode.c.objc; path = main.m; sourceTree = "<group>"; };
		FF078B0E21C356B4002649FB /* 06多线程Tests.xctest */ = {isa = PBXFileReference; explicitFileType = wrapper.cfbundle; includeInIndex = 0; path = "06多线程Tests.xctest"; sourceTree = BUILT_PRODUCTS_DIR; };
		FF078B1221C356B4002649FB /* _6___Tests.m */ = {isa = PBXFileReference; lastKnownFileType = sourcecode.c.objc; path = "_6___Tests.m"; sourceTree = "<group>"; };
		FF078B1421C356B4002649FB /* Info.plist */ = {isa = PBXFileReference; lastKnownFileType = text.plist.xml; path = Info.plist; sourceTree = "<group>"; };
		FF078B1921C356B4002649FB /* 06多线程UITests.xctest */ = {isa = PBXFileReference; explicitFileType = wrapper.cfbundle; includeInIndex = 0; path = "06多线程UITests.xctest"; sourceTree = BUILT_PRODUCTS_DIR; };
		FF078B1D21C356B4002649FB /* _6___UITests.m */ = {isa = PBXFileReference; lastKnownFileType = sourcecode.c.objc; path = "_6___UITests.m"; sourceTree = "<group>"; };
		FF078B1F21C356B4002649FB /* Info.plist */ = {isa = PBXFileReference; lastKnownFileType = text.plist.xml; path = Info.plist; sourceTree = "<group>"; };
		FF078B2B21C39040002649FB /* UserCenter.h */ = {isa = PBXFileReference; lastKnownFileType = sourcecode.c.h; path = UserCenter.h; sourceTree = "<group>"; };
		FF078B2C21C39040002649FB /* UserCenter.m */ = {isa = PBXFileReference; lastKnownFileType = sourcecode.c.objc; path = UserCenter.m; sourceTree = "<group>"; };
		FF078B2E21C39216002649FB /* GroupObject.h */ = {isa = PBXFileReference; lastKnownFileType = sourcecode.c.h; path = GroupObject.h; sourceTree = "<group>"; };
		FF078B2F21C39216002649FB /* GroupObject.m */ = {isa = PBXFileReference; lastKnownFileType = sourcecode.c.objc; path = GroupObject.m; sourceTree = "<group>"; };
/* End PBXFileReference section */

/* Begin PBXFrameworksBuildPhase section */
		FF078AF321C356B4002649FB /* Frameworks */ = {
			isa = PBXFrameworksBuildPhase;
			buildActionMask = 2147483647;
			files = (
			);
			runOnlyForDeploymentPostprocessing = 0;
		};
		FF078B0B21C356B4002649FB /* Frameworks */ = {
			isa = PBXFrameworksBuildPhase;
			buildActionMask = 2147483647;
			files = (
			);
			runOnlyForDeploymentPostprocessing = 0;
		};
		FF078B1621C356B4002649FB /* Frameworks */ = {
			isa = PBXFrameworksBuildPhase;
			buildActionMask = 2147483647;
			files = (
			);
			runOnlyForDeploymentPostprocessing = 0;
		};
/* End PBXFrameworksBuildPhase section */

/* Begin PBXGroup section */
		FF078AED21C356B4002649FB = {
			isa = PBXGroup;
			children = (
				FF078AF821C356B4002649FB /* 06多线程 */,
				FF078B1121C356B4002649FB /* 06多线程Tests */,
				FF078B1C21C356B4002649FB /* 06多线程UITests */,
				FF078AF721C356B4002649FB /* Products */,
			);
			sourceTree = "<group>";
		};
		FF078AF721C356B4002649FB /* Products */ = {
			isa = PBXGroup;
			children = (
				FF078AF621C356B4002649FB /* 06多线程.app */,
				FF078B0E21C356B4002649FB /* 06多线程Tests.xctest */,
				FF078B1921C356B4002649FB /* 06多线程UITests.xctest */,
			);
			name = Products;
			sourceTree = "<group>";
		};
		FF078AF821C356B4002649FB /* 06多线程 */ = {
			isa = PBXGroup;
			children = (
				FF078AF921C356B4002649FB /* AppDelegate.h */,
				FF078AFA21C356B4002649FB /* AppDelegate.m */,
				FF078AFC21C356B4002649FB /* ViewController.h */,
				FF078AFD21C356B4002649FB /* ViewController.m */,
				FF078B2B21C39040002649FB /* UserCenter.h */,
				FF078B2C21C39040002649FB /* UserCenter.m */,
				FF078B2E21C39216002649FB /* GroupObject.h */,
				FF078B2F21C39216002649FB /* GroupObject.m */,
				FF078AFF21C356B4002649FB /* Main.storyboard */,
				FF078B0221C356B4002649FB /* Assets.xcassets */,
				FF078B0421C356B4002649FB /* LaunchScreen.storyboard */,
				FF078B0721C356B4002649FB /* Info.plist */,
				FF078B0821C356B4002649FB /* main.m */,
			);
			path = "06多线程";
			sourceTree = "<group>";
		};
		FF078B1121C356B4002649FB /* 06多线程Tests */ = {
			isa = PBXGroup;
			children = (
				FF078B1221C356B4002649FB /* _6___Tests.m */,
				FF078B1421C356B4002649FB /* Info.plist */,
			);
			path = "06多线程Tests";
			sourceTree = "<group>";
		};
		FF078B1C21C356B4002649FB /* 06多线程UITests */ = {
			isa = PBXGroup;
			children = (
				FF078B1D21C356B4002649FB /* _6___UITests.m */,
				FF078B1F21C356B4002649FB /* Info.plist */,
			);
			path = "06多线程UITests";
			sourceTree = "<group>";
		};
/* End PBXGroup section */

/* Begin PBXNativeTarget section */
		FF078AF521C356B4002649FB /* 06多线程 */ = {
			isa = PBXNativeTarget;
			buildConfigurationList = FF078B2221C356B4002649FB /* Build configuration list for PBXNativeTarget "06多线程" */;
			buildPhases = (
				FF078AF221C356B4002649FB /* Sources */,
				FF078AF321C356B4002649FB /* Frameworks */,
				FF078AF421C356B4002649FB /* Resources */,
			);
			buildRules = (
			);
			dependencies = (
			);
			name = "06多线程";
			productName = "06多线程";
			productReference = FF078AF621C356B4002649FB /* 06多线程.app */;
			productType = "com.apple.product-type.application";
		};
		FF078B0D21C356B4002649FB /* 06多线程Tests */ = {
			isa = PBXNativeTarget;
			buildConfigurationList = FF078B2521C356B4002649FB /* Build configuration list for PBXNativeTarget "06多线程Tests" */;
			buildPhases = (
				FF078B0A21C356B4002649FB /* Sources */,
				FF078B0B21C356B4002649FB /* Frameworks */,
				FF078B0C21C356B4002649FB /* Resources */,
			);
			buildRules = (
			);
			dependencies = (
				FF078B1021C356B4002649FB /* PBXTargetDependency */,
			);
			name = "06多线程Tests";
			productName = "06多线程Tests";
			productReference = FF078B0E21C356B4002649FB /* 06多线程Tests.xctest */;
			productType = "com.apple.product-type.bundle.unit-test";
		};
		FF078B1821C356B4002649FB /* 06多线程UITests */ = {
			isa = PBXNativeTarget;
			buildConfigurationList = FF078B2821C356B4002649FB /* Build configuration list for PBXNativeTarget "06多线程UITests" */;
			buildPhases = (
				FF078B1521C356B4002649FB /* Sources */,
				FF078B1621C356B4002649FB /* Frameworks */,
				FF078B1721C356B4002649FB /* Resources */,
			);
			buildRules = (
			);
			dependencies = (
				FF078B1B21C356B4002649FB /* PBXTargetDependency */,
			);
			name = "06多线程UITests";
			productName = "06多线程UITests";
			productReference = FF078B1921C356B4002649FB /* 06多线程UITests.xctest */;
			productType = "com.apple.product-type.bundle.ui-testing";
		};
/* End PBXNativeTarget section */

/* Begin PBXProject section */
		FF078AEE21C356B4002649FB /* Project object */ = {
			isa = PBXProject;
			attributes = {
				LastUpgradeCheck = 0920;
				ORGANIZATIONNAME = "陈花花";
				TargetAttributes = {
					FF078AF521C356B4002649FB = {
						CreatedOnToolsVersion = 9.2;
						ProvisioningStyle = Automatic;
					};
					FF078B0D21C356B4002649FB = {
						CreatedOnToolsVersion = 9.2;
						ProvisioningStyle = Automatic;
						TestTargetID = FF078AF521C356B4002649FB;
					};
					FF078B1821C356B4002649FB = {
						CreatedOnToolsVersion = 9.2;
						ProvisioningStyle = Automatic;
						TestTargetID = FF078AF521C356B4002649FB;
					};
				};
			};
			buildConfigurationList = FF078AF121C356B4002649FB /* Build configuration list for PBXProject "06多线程" */;
			compatibilityVersion = "Xcode 8.0";
			developmentRegion = en;
			hasScannedForEncodings = 0;
			knownRegions = (
				en,
				Base,
			);
			mainGroup = FF078AED21C356B4002649FB;
			productRefGroup = FF078AF721C356B4002649FB /* Products */;
			projectDirPath = "";
			projectRoot = "";
			targets = (
				FF078AF521C356B4002649FB /* 06多线程 */,
				FF078B0D21C356B4002649FB /* 06多线程Tests */,
				FF078B1821C356B4002649FB /* 06多线程UITests */,
			);
		};
/* End PBXProject section */

/* Begin PBXResourcesBuildPhase section */
		FF078AF421C356B4002649FB /* Resources */ = {
			isa = PBXResourcesBuildPhase;
			buildActionMask = 2147483647;
			files = (
				FF078B0621C356B4002649FB /* LaunchScreen.storyboard in Resources */,
				FF078B0321C356B4002649FB /* Assets.xcassets in Resources */,
				FF078B0121C356B4002649FB /* Main.storyboard in Resources */,
			);
			runOnlyForDeploymentPostprocessing = 0;
		};
		FF078B0C21C356B4002649FB /* Resources */ = {
			isa = PBXResourcesBuildPhase;
			buildActionMask = 2147483647;
			files = (
			);
			runOnlyForDeploymentPostprocessing = 0;
		};
		FF078B1721C356B4002649FB /* Resources */ = {
			isa = PBXResourcesBuildPhase;
			buildActionMask = 2147483647;
			files = (
			);
			runOnlyForDeploymentPostprocessing = 0;
		};
/* End PBXResourcesBuildPhase section */

/* Begin PBXSourcesBuildPhase section */
		FF078AF221C356B4002649FB /* Sources */ = {
			isa = PBXSourcesBuildPhase;
			buildActionMask = 2147483647;
			files = (
				FF078AFE21C356B4002649FB /* ViewController.m in Sources */,
				FF078B0921C356B4002649FB /* main.m in Sources */,
				FF078AFB21C356B4002649FB /* AppDelegate.m in Sources */,
				FF078B2D21C39040002649FB /* UserCenter.m in Sources */,
				FF078B3021C39216002649FB /* GroupObject.m in Sources */,
			);
			runOnlyForDeploymentPostprocessing = 0;
		};
		FF078B0A21C356B4002649FB /* Sources */ = {
			isa = PBXSourcesBuildPhase;
			buildActionMask = 2147483647;
			files = (
				FF078B1321C356B4002649FB /* _6___Tests.m in Sources */,
			);
			runOnlyForDeploymentPostprocessing = 0;
		};
		FF078B1521C356B4002649FB /* Sources */ = {
			isa = PBXSourcesBuildPhase;
			buildActionMask = 2147483647;
			files = (
				FF078B1E21C356B4002649FB /* _6___UITests.m in Sources */,
			);
			runOnlyForDeploymentPostprocessing = 0;
		};
/* End PBXSourcesBuildPhase section */

/* Begin PBXTargetDependency section */
		FF078B1021C356B4002649FB /* PBXTargetDependency */ = {
			isa = PBXTargetDependency;
			target = FF078AF521C356B4002649FB /* 06多线程 */;
			targetProxy = FF078B0F21C356B4002649FB /* PBXContainerItemProxy */;
		};
		FF078B1B21C356B4002649FB /* PBXTargetDependency */ = {
			isa = PBXTargetDependency;
			target = FF078AF521C356B4002649FB /* 06多线程 */;
			targetProxy = FF078B1A21C356B4002649FB /* PBXContainerItemProxy */;
		};
/* End PBXTargetDependency section */

/* Begin PBXVariantGroup section */
		FF078AFF21C356B4002649FB /* Main.storyboard */ = {
			isa = PBXVariantGroup;
			children = (
				FF078B0021C356B4002649FB /* Base */,
			);
			name = Main.storyboard;
			sourceTree = "<group>";
		};
		FF078B0421C356B4002649FB /* LaunchScreen.storyboard */ = {
			isa = PBXVariantGroup;
			children = (
				FF078B0521C356B4002649FB /* Base */,
			);
			name = LaunchScreen.storyboard;
			sourceTree = "<group>";
		};
/* End PBXVariantGroup section */

/* Begin XCBuildConfiguration section */
		FF078B2021C356B4002649FB /* Debug */ = {
			isa = XCBuildConfiguration;
			buildSettings = {
				ALWAYS_SEARCH_USER_PATHS = NO;
				CLANG_ANALYZER_NONNULL = YES;
				CLANG_ANALYZER_NUMBER_OBJECT_CONVERSION = YES_AGGRESSIVE;
				CLANG_CXX_LANGUAGE_STANDARD = "gnu++14";
				CLANG_CXX_LIBRARY = "libc++";
				CLANG_ENABLE_MODULES = YES;
				CLANG_ENABLE_OBJC_ARC = YES;
				CLANG_WARN_BLOCK_CAPTURE_AUTORELEASING = YES;
				CLANG_WARN_BOOL_CONVERSION = YES;
				CLANG_WARN_COMMA = YES;
				CLANG_WARN_CONSTANT_CONVERSION = YES;
				CLANG_WARN_DIRECT_OBJC_ISA_USAGE = YES_ERROR;
				CLANG_WARN_DOCUMENTATION_COMMENTS = YES;
				CLANG_WARN_EMPTY_BODY = YES;
				CLANG_WARN_ENUM_CONVERSION = YES;
				CLANG_WARN_INFINITE_RECURSION = YES;
				CLANG_WARN_INT_CONVERSION = YES;
				CLANG_WARN_NON_LITERAL_NULL_CONVERSION = YES;
				CLANG_WARN_OBJC_LITERAL_CONVERSION = YES;
				CLANG_WARN_OBJC_ROOT_CLASS = YES_ERROR;
				CLANG_WARN_RANGE_LOOP_ANALYSIS = YES;
				CLANG_WARN_STRICT_PROTOTYPES = YES;
				CLANG_WARN_SUSPICIOUS_MOVE = YES;
				CLANG_WARN_UNGUARDED_AVAILABILITY = YES_AGGRESSIVE;
				CLANG_WARN_UNREACHABLE_CODE = YES;
				CLANG_WARN__DUPLICATE_METHOD_MATCH = YES;
				CODE_SIGN_IDENTITY = "iPhone Developer";
				COPY_PHASE_STRIP = NO;
				DEBUG_INFORMATION_FORMAT = dwarf;
				ENABLE_STRICT_OBJC_MSGSEND = YES;
				ENABLE_TESTABILITY = YES;
				GCC_C_LANGUAGE_STANDARD = gnu11;
				GCC_DYNAMIC_NO_PIC = NO;
				GCC_NO_COMMON_BLOCKS = YES;
				GCC_OPTIMIZATION_LEVEL = 0;
				GCC_PREPROCESSOR_DEFINITIONS = (
					"DEBUG=1",
					"$(inherited)",
				);
				GCC_WARN_64_TO_32_BIT_CONVERSION = YES;
				GCC_WARN_ABOUT_RETURN_TYPE = YES_ERROR;
				GCC_WARN_UNDECLARED_SELECTOR = YES;
				GCC_WARN_UNINITIALIZED_AUTOS = YES_AGGRESSIVE;
				GCC_WARN_UNUSED_FUNCTION = YES;
				GCC_WARN_UNUSED_VARIABLE = YES;
				IPHONEOS_DEPLOYMENT_TARGET = 11.2;
				MTL_ENABLE_DEBUG_INFO = YES;
				ONLY_ACTIVE_ARCH = YES;
				SDKROOT = iphoneos;
			};
			name = Debug;
		};
		FF078B2121C356B4002649FB /* Release */ = {
			isa = XCBuildConfiguration;
			buildSettings = {
				ALWAYS_SEARCH_USER_PATHS = NO;
				CLANG_ANALYZER_NONNULL = YES;
				CLANG_ANALYZER_NUMBER_OBJECT_CONVERSION = YES_AGGRESSIVE;
				CLANG_CXX_LANGUAGE_STANDARD = "gnu++14";
				CLANG_CXX_LIBRARY = "libc++";
				CLANG_ENABLE_MODULES = YES;
				CLANG_ENABLE_OBJC_ARC = YES;
				CLANG_WARN_BLOCK_CAPTURE_AUTORELEASING = YES;
				CLANG_WARN_BOOL_CONVERSION = YES;
				CLANG_WARN_COMMA = YES;
				CLANG_WARN_CONSTANT_CONVERSION = YES;
				CLANG_WARN_DIRECT_OBJC_ISA_USAGE = YES_ERROR;
				CLANG_WARN_DOCUMENTATION_COMMENTS = YES;
				CLANG_WARN_EMPTY_BODY = YES;
				CLANG_WARN_ENUM_CONVERSION = YES;
				CLANG_WARN_INFINITE_RECURSION = YES;
				CLANG_WARN_INT_CONVERSION = YES;
				CLANG_WARN_NON_LITERAL_NULL_CONVERSION = YES;
				CLANG_WARN_OBJC_LITERAL_CONVERSION = YES;
				CLANG_WARN_OBJC_ROOT_CLASS = YES_ERROR;
				CLANG_WARN_RANGE_LOOP_ANALYSIS = YES;
				CLANG_WARN_STRICT_PROTOTYPES = YES;
				CLANG_WARN_SUSPICIOUS_MOVE = YES;
				CLANG_WARN_UNGUARDED_AVAILABILITY = YES_AGGRESSIVE;
				CLANG_WARN_UNREACHABLE_CODE = YES;
				CLANG_WARN__DUPLICATE_METHOD_MATCH = YES;
				CODE_SIGN_IDENTITY = "iPhone Developer";
				COPY_PHASE_STRIP = NO;
				DEBUG_INFORMATION_FORMAT = "dwarf-with-dsym";
				ENABLE_NS_ASSERTIONS = NO;
				ENABLE_STRICT_OBJC_MSGSEND = YES;
				GCC_C_LANGUAGE_STANDARD = gnu11;
				GCC_NO_COMMON_BLOCKS = YES;
				GCC_WARN_64_TO_32_BIT_CONVERSION = YES;
				GCC_WARN_ABOUT_RETURN_TYPE = YES_ERROR;
				GCC_WARN_UNDECLARED_SELECTOR = YES;
				GCC_WARN_UNINITIALIZED_AUTOS = YES_AGGRESSIVE;
				GCC_WARN_UNUSED_FUNCTION = YES;
				GCC_WARN_UNUSED_VARIABLE = YES;
				IPHONEOS_DEPLOYMENT_TARGET = 11.2;
				MTL_ENABLE_DEBUG_INFO = NO;
				SDKROOT = iphoneos;
				VALIDATE_PRODUCT = YES;
			};
			name = Release;
		};
		FF078B2321C356B4002649FB /* Debug */ = {
			isa = XCBuildConfiguration;
			buildSettings = {
				ASSETCATALOG_COMPILER_APPICON_NAME = AppIcon;
				CODE_SIGN_STYLE = Automatic;
				DEVELOPMENT_TEAM = UER64UVPJS;
				INFOPLIST_FILE = "06多线程/Info.plist";
				LD_RUNPATH_SEARCH_PATHS = "$(inherited) @executable_path/Frameworks";
				PRODUCT_BUNDLE_IDENTIFIER = "com.jhuahua.-6---";
				PRODUCT_NAME = "$(TARGET_NAME)";
				TARGETED_DEVICE_FAMILY = "1,2";
			};
			name = Debug;
		};
		FF078B2421C356B4002649FB /* Release */ = {
			isa = XCBuildConfiguration;
			buildSettings = {
				ASSETCATALOG_COMPILER_APPICON_NAME = AppIcon;
				CODE_SIGN_STYLE = Automatic;
				DEVELOPMENT_TEAM = UER64UVPJS;
				INFOPLIST_FILE = "06多线程/Info.plist";
				LD_RUNPATH_SEARCH_PATHS = "$(inherited) @executable_path/Frameworks";
				PRODUCT_BUNDLE_IDENTIFIER = "com.jhuahua.-6---";
				PRODUCT_NAME = "$(TARGET_NAME)";
				TARGETED_DEVICE_FAMILY = "1,2";
			};
			name = Release;
		};
		FF078B2621C356B4002649FB /* Debug */ = {
			isa = XCBuildConfiguration;
			buildSettings = {
				BUNDLE_LOADER = "$(TEST_HOST)";
				CODE_SIGN_STYLE = Automatic;
				DEVELOPMENT_TEAM = UER64UVPJS;
				INFOPLIST_FILE = "06多线程Tests/Info.plist";
				LD_RUNPATH_SEARCH_PATHS = "$(inherited) @executable_path/Frameworks @loader_path/Frameworks";
				PRODUCT_BUNDLE_IDENTIFIER = "com.jhuahua.-6---Tests";
				PRODUCT_NAME = "$(TARGET_NAME)";
				TARGETED_DEVICE_FAMILY = "1,2";
				TEST_HOST = "$(BUILT_PRODUCTS_DIR)/06多线程.app/06多线程";
			};
			name = Debug;
		};
		FF078B2721C356B4002649FB /* Release */ = {
			isa = XCBuildConfiguration;
			buildSettings = {
				BUNDLE_LOADER = "$(TEST_HOST)";
				CODE_SIGN_STYLE = Automatic;
				DEVELOPMENT_TEAM = UER64UVPJS;
				INFOPLIST_FILE = "06多线程Tests/Info.plist";
				LD_RUNPATH_SEARCH_PATHS = "$(inherited) @executable_path/Frameworks @loader_path/Frameworks";
				PRODUCT_BUNDLE_IDENTIFIER = "com.jhuahua.-6---Tests";
				PRODUCT_NAME = "$(TARGET_NAME)";
				TARGETED_DEVICE_FAMILY = "1,2";
				TEST_HOST = "$(BUILT_PRODUCTS_DIR)/06多线程.app/06多线程";
			};
			name = Release;
		};
		FF078B2921C356B4002649FB /* Debug */ = {
			isa = XCBuildConfiguration;
			buildSettings = {
				CODE_SIGN_STYLE = Automatic;
				DEVELOPMENT_TEAM = UER64UVPJS;
				INFOPLIST_FILE = "06多线程UITests/Info.plist";
				LD_RUNPATH_SEARCH_PATHS = "$(inherited) @executable_path/Frameworks @loader_path/Frameworks";
				PRODUCT_BUNDLE_IDENTIFIER = "com.jhuahua.-6---UITests";
				PRODUCT_NAME = "$(TARGET_NAME)";
				TARGETED_DEVICE_FAMILY = "1,2";
				TEST_TARGET_NAME = "06多线程";
			};
			name = Debug;
		};
		FF078B2A21C356B4002649FB /* Release */ = {
			isa = XCBuildConfiguration;
			buildSettings = {
				CODE_SIGN_STYLE = Automatic;
				DEVELOPMENT_TEAM = UER64UVPJS;
				INFOPLIST_FILE = "06多线程UITests/Info.plist";
				LD_RUNPATH_SEARCH_PATHS = "$(inherited) @executable_path/Frameworks @loader_path/Frameworks";
				PRODUCT_BUNDLE_IDENTIFIER = "com.jhuahua.-6---UITests";
				PRODUCT_NAME = "$(TARGET_NAME)";
				TARGETED_DEVICE_FAMILY = "1,2";
				TEST_TARGET_NAME = "06多线程";
			};
			name = Release;
		};
/* End XCBuildConfiguration section */

/* Begin XCConfigurationList section */
		FF078AF121C356B4002649FB /* Build configuration list for PBXProject "06多线程" */ = {
			isa = XCConfigurationList;
			buildConfigurations = (
				FF078B2021C356B4002649FB /* Debug */,
				FF078B2121C356B4002649FB /* Release */,
			);
			defaultConfigurationIsVisible = 0;
			defaultConfigurationName = Release;
		};
		FF078B2221C356B4002649FB /* Build configuration list for PBXNativeTarget "06多线程" */ = {
			isa = XCConfigurationList;
			buildConfigurations = (
				FF078B2321C356B4002649FB /* Debug */,
				FF078B2421C356B4002649FB /* Release */,
			);
			defaultConfigurationIsVisible = 0;
			defaultConfigurationName = Release;
		};
		FF078B2521C356B4002649FB /* Build configuration list for PBXNativeTarget "06多线程Tests" */ = {
			isa = XCConfigurationList;
			buildConfigurations = (
				FF078B2621C356B4002649FB /* Debug */,
				FF078B2721C356B4002649FB /* Release */,
			);
			defaultConfigurationIsVisible = 0;
			defaultConfigurationName = Release;
		};
		FF078B2821C356B4002649FB /* Build configuration list for PBXNativeTarget "06多线程UITests" */ = {
			isa = XCConfigurationList;
			buildConfigurations = (
				FF078B2921C356B4002649FB /* Debug */,
				FF078B2A21C356B4002649FB /* Release */,
			);
			defaultConfigurationIsVisible = 0;
			defaultConfigurationName = Release;
		};
/* End XCConfigurationList section */
	};
	rootObject = FF078AEE21C356B4002649FB /* Project object */;
}
